
Microsoft Visual Studio Solution File, Format Version 12.00
# Visual Studio Version 17
VisualStudioVersion = 17.9.34728.123
MinimumVisualStudioVersion = 10.0.40219.1
Project("{8BC9CEB8-8B4A-11D0-8D11-00A0C91BC942}") = "OakDriver", "OakDriver\OakDriver.vcxproj", "{D48D99B7-4EA9-4C61-97C5-5A867434354E}"
EndProject
Global
	GlobalSection(SolutionConfigurationPlatforms) = preSolution
		Debug|ARM64 = Debug|ARM64
		Debug|x64 = Debug|x64
		Release|ARM64 = Release|ARM64
		Release|x64 = Release|x64
	EndGlobalSection
	GlobalSection(ProjectConfigurationPlatforms) = postSolution
		{D48D99B7-4EA9-4C61-97C5-5A867434354E}.Debug|ARM64.ActiveCfg = Debug|ARM64
		{D48D99B7-4EA9-4C61-97C5-5A867434354E}.Debug|ARM64.Build.0 = Debug|ARM64
		{D48D99B7-4EA9-4C61-97C5-5A867434354E}.Debug|ARM64.Deploy.0 = Debug|ARM64
		{D48D99B7-4EA9-4C61-97C5-5A867434354E}.Debug|x64.ActiveCfg = Debug|x64
		{D48D99B7-4EA9-4C61-97C5-5A867434354E}.Debug|x64.Build.0 = Debug|x64
		{D48D99B7-4EA9-4C61-97C5-5A867434354E}.Debug|x64.Deploy.0 = Debug|x64
		{D48D99B7-4EA9-4C61-97C5-5A867434354E}.Release|ARM64.ActiveCfg = Release|ARM64
		{D48D99B7-4EA9-4C61-97C5-5A867434354E}.Release|ARM64.Build.0 = Release|ARM64
		{D48D99B7-4EA9-4C61-97C5-5A867434354E}.Release|ARM64.Deploy.0 = Release|ARM64
		{D48D99B7-4EA9-4C61-97C5-5A867434354E}.Release|x64.ActiveCfg = Release|x64
		{D48D99B7-4EA9-4C61-97C5-5A867434354E}.Release|x64.Build.0 = Release|x64
		{D48D99B7-4EA9-4C61-97C5-5A867434354E}.Release|x64.Deploy.0 = Release|x64
	EndGlobalSection
	GlobalSection(SolutionProperties) = preSolution
		HideSolutionNode = FALSE
	EndGlobalSection
	GlobalSection(ExtensibilityGlobals) = postSolution
		SolutionGuid = {6C63BACC-9465-40C9-92BC-632F4D6E7A9E}
	EndGlobalSection
EndGlobal
